# This file was autogenerated by Stack.
# You should not edit this file by hand.
# For more information, please see the documentation at:
#   https://docs.haskellstack.org/en/stable/lock_files

packages:
- completed:
    hackage: path-extra-0.2.0@sha256:1aee786073bbd53e486e65becb1a4d5094a68f6163e2bb3cff45dcf4f3ac2ac9,1553
    pantry-tree:
      size: 317
      sha256: 2585fec8c7960d0096036a14b66db0ff83202da50473cb919f6492f1ef37e41e
  original:
    hackage: path-extra-0.2.0
- completed:
    hackage: urlpath-9.0.0@sha256:341c9b91e6ac7054fe85a90f065223f03edb8a5f1370923b4f614a54b86b8306,1348
    pantry-tree:
      size: 257
      sha256: f5edb1a8311eb4c0517dc38acf604a793af1de83f32e56ca11568784755d2e10
  original:
    hackage: urlpath-9.0.0
snapshots:
- completed:
    size: 506654
    url: https://raw.githubusercontent.com/commercialhaskell/stackage-snapshots/master/lts/11/2.yaml
    sha256: 16bf823de040aa30863f26aab473f13477721aa0172514fc9b4041724b0534fb
  original: lts-11.2
